{
  "name": "px-terravalue",
  "version": "1.0.0",
  "lockfileVersion": 3,
  "requires": true,
  "packages": {
    "": {
      "name": "px-terravalue",
      "version": "1.0.0",
      "dependencies": {
        "@phloemxylem/terravalue-engine": "^1.1.0"
      },
      "engines": {
        "node": ">=18.0.0"
      }
    },
    "node_modules/@phloemxylem/terravalue-engine": {
      "version": "1.1.0",
      "resolved": "https://registry.npmjs.org/@phloemxylem/terravalue-engine/-/terravalue-engine-1.1.0.tgz",
      "integrity": "sha512-C3x+mnieHbzKd6HhFgOPdjrougtARokvHjGVpu8vgBCA0vzJc9/PwenKXKjcv6vqJz8BWBPcgxftJGsF/cmlAg==",
      "license": "UNLICENSED",
      "engines": {
        "node": ">=18.0.0"
      }
    }
  }
}
