{
  "name": "px-terravalue",
  "version": "1.0.0",
  "lockfileVersion": 3,
  "requires": true,
  "packages": {
    "": {
      "name": "px-terravalue",
      "version": "1.0.0",
      "dependencies": {
        "@phloemxylem/terravalue-engine": "^1.3.0"
      },
      "engines": {
        "node": ">=18.0.0"
      }
    },
    "node_modules/@phloemxylem/terravalue-engine": {
      "version": "1.3.0",
      "resolved": "https://registry.npmjs.org/@phloemxylem/terravalue-engine/-/terravalue-engine-1.3.0.tgz",
      "integrity": "sha512-+cIy+2HwP5NPHtxid1JFN3rFqbquKjJ8Gw+jY/xTEDw7IyuVxFJ8d3tfd1SHdj8PpvHKobWUNqDqNRLR6+Hukg==",
      "license": "UNLICENSED",
      "engines": {
        "node": ">=18.0.0"
      }
    }
  }
}
